
Microsoft Visual Studio Solution File, Format Version 12.00
# Visual Studio Version 17
VisualStudioVersion = 17.2.32616.157
MinimumVisualStudioVersion = 10.0.40219.1
Project("{FAE04EC0-301F-11D3-BF4B-00C04F79EFBC}") = "PrisonerProblem", "PrisonerProblem.csproj", "{F95F2037-6477-445B-AA09-E79DA6E708FB}"
EndProject
Global
	GlobalSection(SolutionConfigurationPlatforms) = preSolution
		Debug|Any CPU = Debug|Any CPU
		Release|Any CPU = Release|Any CPU
	EndGlobalSection
	GlobalSection(ProjectConfigurationPlatforms) = postSolution
		{F95F2037-6477-445B-AA09-E79DA6E708FB}.Debug|Any CPU.ActiveCfg = Debug|Any CPU
		{F95F2037-6477-445B-AA09-E79DA6E708FB}.Debug|Any CPU.Build.0 = Debug|Any CPU
		{F95F2037-6477-445B-AA09-E79DA6E708FB}.Release|Any CPU.ActiveCfg = Release|Any CPU
		{F95F2037-6477-445B-AA09-E79DA6E708FB}.Release|Any CPU.Build.0 = Release|Any CPU
	EndGlobalSection
	GlobalSection(SolutionProperties) = preSolution
		HideSolutionNode = FALSE
	EndGlobalSection
	GlobalSection(ExtensibilityGlobals) = postSolution
		SolutionGuid = {5AFE6AA1-664F-4B1E-876C-F035ED194B60}
	EndGlobalSection
EndGlobal
